
Microsoft Visual Studio Solution File, Format Version 12.00
# Visual Studio 15
Project("{FAE04EC0-301F-11D3-BF4B-00C04F79EFBC}") = "HopMkeApi", "HopMkeApi\HopMkeApi.csproj", "{3E46C4DA-826F-4C0B-8883-A7829D44DA96}"
EndProject
Project("{FAE04EC0-301F-11D3-BF4B-00C04F79EFBC}") = "HopMkeApiTests", "HopMkeApiTests\HopMkeApiTests.csproj", "{0408B5A3-35B8-4B48-B867-778A7F1E0645}"
EndProject
Global
	GlobalSection(SolutionConfigurationPlatforms) = preSolution
		Debug|Any CPU = Debug|Any CPU
		Release|Any CPU = Release|Any CPU
	EndGlobalSection
	GlobalSection(ProjectConfigurationPlatforms) = postSolution
		{3E46C4DA-826F-4C0B-8883-A7829D44DA96}.Debug|Any CPU.ActiveCfg = Debug|Any CPU
		{3E46C4DA-826F-4C0B-8883-A7829D44DA96}.Debug|Any CPU.Build.0 = Debug|Any CPU
		{3E46C4DA-826F-4C0B-8883-A7829D44DA96}.Release|Any CPU.ActiveCfg = Release|Any CPU
		{3E46C4DA-826F-4C0B-8883-A7829D44DA96}.Release|Any CPU.Build.0 = Release|Any CPU
		{0408B5A3-35B8-4B48-B867-778A7F1E0645}.Debug|Any CPU.ActiveCfg = Debug|Any CPU
		{0408B5A3-35B8-4B48-B867-778A7F1E0645}.Debug|Any CPU.Build.0 = Debug|Any CPU
		{0408B5A3-35B8-4B48-B867-778A7F1E0645}.Release|Any CPU.ActiveCfg = Release|Any CPU
		{0408B5A3-35B8-4B48-B867-778A7F1E0645}.Release|Any CPU.Build.0 = Release|Any CPU
	EndGlobalSection
EndGlobal
